// !$*UTF8*$!
{
	archiveVersion = 1;
	classes = {
	};
	objectVersion = 50;
	objects = {

/* Begin PBXBuildFile section */
		591F595BE796465AF2B90AAE /* Pods_SwiftyHomeUITests.framework in Frameworks */ = {isa = PBXBuildFile; fileRef = 1E710C17DEB3F36EF28D1BB8 /* Pods_SwiftyHomeUITests.framework */; };
		997045DA2178DEF000FFB736 /* AppDelegate.swift in Sources */ = {isa = PBXBuildFile; fileRef = 997045D92178DEF000FFB736 /* AppDelegate.swift */; };
		997045DC2178DEF000FFB736 /* ViewController.swift in Sources */ = {isa = PBXBuildFile; fileRef = 997045DB2178DEF000FFB736 /* ViewController.swift */; };
		997045E12178DEF400FFB736 /* Assets.xcassets in Resources */ = {isa = PBXBuildFile; fileRef = 997045E02178DEF400FFB736 /* Assets.xcassets */; };
		997045E42178DEF400FFB736 /* LaunchScreen.storyboard in Resources */ = {isa = PBXBuildFile; fileRef = 997045E22178DEF400FFB736 /* LaunchScreen.storyboard */; };
		997045EF2178DEF400FFB736 /* SwiftyHomeTests.swift in Sources */ = {isa = PBXBuildFile; fileRef = 997045EE2178DEF400FFB736 /* SwiftyHomeTests.swift */; };
		997045FA2178DEF500FFB736 /* SwiftyHomeUITests.swift in Sources */ = {isa = PBXBuildFile; fileRef = 997045F92178DEF500FFB736 /* SwiftyHomeUITests.swift */; };
		9970461921798A4400FFB736 /* MainBuilder.swift in Sources */ = {isa = PBXBuildFile; fileRef = 9970461821798A4400FFB736 /* MainBuilder.swift */; };
		9970461C21798CF300FFB736 /* ViewController.storyboard in Resources */ = {isa = PBXBuildFile; fileRef = 9970461B21798CF300FFB736 /* ViewController.storyboard */; };
		BD1282A9828BEDD96EB6BACE /* Pods_SwiftyHomeTests.framework in Frameworks */ = {isa = PBXBuildFile; fileRef = 9C0ACB98CAEC9E091C7DF4C9 /* Pods_SwiftyHomeTests.framework */; };
		C63D0F666DD733C99F182DBE /* Pods_SwiftyHome.framework in Frameworks */ = {isa = PBXBuildFile; fileRef = 8AF635AA7B0871FFD7EAED12 /* Pods_SwiftyHome.framework */; };
/* End PBXBuildFile section */

/* Begin PBXContainerItemProxy section */
		997045EB2178DEF400FFB736 /* PBXContainerItemProxy */ = {
			isa = PBXContainerItemProxy;
			containerPortal = 997045CE2178DEEF00FFB736 /* Project object */;
			proxyType = 1;
			remoteGlobalIDString = 997045D52178DEF000FFB736;
			remoteInfo = SwiftyHome;
		};
		997045F62178DEF400FFB736 /* PBXContainerItemProxy */ = {
			isa = PBXContainerItemProxy;
			containerPortal = 997045CE2178DEEF00FFB736 /* Project object */;
			proxyType = 1;
			remoteGlobalIDString = 997045D52178DEF000FFB736;
			remoteInfo = SwiftyHome;
		};
/* End PBXContainerItemProxy section */

/* Begin PBXFileReference section */
		00E96F837DFFA97D165239D9 /* Pods-SwiftyHomeTests.debug.xcconfig */ = {isa = PBXFileReference; includeInIndex = 1; lastKnownFileType = text.xcconfig; name = "Pods-SwiftyHomeTests.debug.xcconfig"; path = "Pods/Target Support Files/Pods-SwiftyHomeTests/Pods-SwiftyHomeTests.debug.xcconfig"; sourceTree = "<group>"; };
		1BF928032048EC0DAA2D2549 /* Pods-SwiftyHomeUITests.release.xcconfig */ = {isa = PBXFileReference; includeInIndex = 1; lastKnownFileType = text.xcconfig; name = "Pods-SwiftyHomeUITests.release.xcconfig"; path = "Target Support Files/Pods-SwiftyHomeUITests/Pods-SwiftyHomeUITests.release.xcconfig"; sourceTree = "<group>"; };
		1E710C17DEB3F36EF28D1BB8 /* Pods_SwiftyHomeUITests.framework */ = {isa = PBXFileReference; explicitFileType = wrapper.framework; includeInIndex = 0; path = Pods_SwiftyHomeUITests.framework; sourceTree = BUILT_PRODUCTS_DIR; };
		4029586745D21894B5E58346 /* Pods-SwiftyHome.release.xcconfig */ = {isa = PBXFileReference; includeInIndex = 1; lastKnownFileType = text.xcconfig; name = "Pods-SwiftyHome.release.xcconfig"; path = "Target Support Files/Pods-SwiftyHome/Pods-SwiftyHome.release.xcconfig"; sourceTree = "<group>"; };
		5A9F1F6DBE585E079A9B97D8 /* Pods-SwiftyHomeTests.release.xcconfig */ = {isa = PBXFileReference; includeInIndex = 1; lastKnownFileType = text.xcconfig; name = "Pods-SwiftyHomeTests.release.xcconfig"; path = "Target Support Files/Pods-SwiftyHomeTests/Pods-SwiftyHomeTests.release.xcconfig"; sourceTree = "<group>"; };
		5E472DCE767A23CE318C8A6C /* Pods-SwiftyHome.release.xcconfig */ = {isa = PBXFileReference; includeInIndex = 1; lastKnownFileType = text.xcconfig; name = "Pods-SwiftyHome.release.xcconfig"; path = "Pods/Target Support Files/Pods-SwiftyHome/Pods-SwiftyHome.release.xcconfig"; sourceTree = "<group>"; };
		79300E41EDD228A5FD91639F /* Pods-SwiftyHome.debug.xcconfig */ = {isa = PBXFileReference; includeInIndex = 1; lastKnownFileType = text.xcconfig; name = "Pods-SwiftyHome.debug.xcconfig"; path = "Pods/Target Support Files/Pods-SwiftyHome/Pods-SwiftyHome.debug.xcconfig"; sourceTree = "<group>"; };
		8AF635AA7B0871FFD7EAED12 /* Pods_SwiftyHome.framework */ = {isa = PBXFileReference; explicitFileType = wrapper.framework; includeInIndex = 0; path = Pods_SwiftyHome.framework; sourceTree = BUILT_PRODUCTS_DIR; };
		997045D62178DEF000FFB736 /* SwiftyHome.app */ = {isa = PBXFileReference; explicitFileType = wrapper.application; includeInIndex = 0; path = SwiftyHome.app; sourceTree = BUILT_PRODUCTS_DIR; };
		997045D92178DEF000FFB736 /* AppDelegate.swift */ = {isa = PBXFileReference; lastKnownFileType = sourcecode.swift; path = AppDelegate.swift; sourceTree = "<group>"; };
		997045DB2178DEF000FFB736 /* ViewController.swift */ = {isa = PBXFileReference; lastKnownFileType = sourcecode.swift; path = ViewController.swift; sourceTree = "<group>"; };
		997045E02178DEF400FFB736 /* Assets.xcassets */ = {isa = PBXFileReference; lastKnownFileType = folder.assetcatalog; path = Assets.xcassets; sourceTree = "<group>"; };
		997045E32178DEF400FFB736 /* Base */ = {isa = PBXFileReference; lastKnownFileType = file.storyboard; name = Base; path = Base.lproj/LaunchScreen.storyboard; sourceTree = "<group>"; };
		997045E52178DEF400FFB736 /* Info.plist */ = {isa = PBXFileReference; lastKnownFileType = text.plist.xml; path = Info.plist; sourceTree = "<group>"; };
		997045EA2178DEF400FFB736 /* SwiftyHomeTests.xctest */ = {isa = PBXFileReference; explicitFileType = wrapper.cfbundle; includeInIndex = 0; path = SwiftyHomeTests.xctest; sourceTree = BUILT_PRODUCTS_DIR; };
		997045EE2178DEF400FFB736 /* SwiftyHomeTests.swift */ = {isa = PBXFileReference; lastKnownFileType = sourcecode.swift; path = SwiftyHomeTests.swift; sourceTree = "<group>"; };
		997045F02178DEF400FFB736 /* Info.plist */ = {isa = PBXFileReference; lastKnownFileType = text.plist.xml; path = Info.plist; sourceTree = "<group>"; };
		997045F52178DEF400FFB736 /* SwiftyHomeUITests.xctest */ = {isa = PBXFileReference; explicitFileType = wrapper.cfbundle; includeInIndex = 0; path = SwiftyHomeUITests.xctest; sourceTree = BUILT_PRODUCTS_DIR; };
		997045F92178DEF500FFB736 /* SwiftyHomeUITests.swift */ = {isa = PBXFileReference; lastKnownFileType = sourcecode.swift; path = SwiftyHomeUITests.swift; sourceTree = "<group>"; };
		997045FB2178DEF500FFB736 /* Info.plist */ = {isa = PBXFileReference; lastKnownFileType = text.plist.xml; path = Info.plist; sourceTree = "<group>"; };
		9970461821798A4400FFB736 /* MainBuilder.swift */ = {isa = PBXFileReference; lastKnownFileType = sourcecode.swift; path = MainBuilder.swift; sourceTree = "<group>"; };
		9970461B21798CF300FFB736 /* ViewController.storyboard */ = {isa = PBXFileReference; lastKnownFileType = file.storyboard; path = ViewController.storyboard; sourceTree = "<group>"; };
		9C0ACB98CAEC9E091C7DF4C9 /* Pods_SwiftyHomeTests.framework */ = {isa = PBXFileReference; explicitFileType = wrapper.framework; includeInIndex = 0; path = Pods_SwiftyHomeTests.framework; sourceTree = BUILT_PRODUCTS_DIR; };
		A53E108BB7C441CF54155750 /* Pods-SwiftyHomeTests.debug.xcconfig */ = {isa = PBXFileReference; includeInIndex = 1; lastKnownFileType = text.xcconfig; name = "Pods-SwiftyHomeTests.debug.xcconfig"; path = "Target Support Files/Pods-SwiftyHomeTests/Pods-SwiftyHomeTests.debug.xcconfig"; sourceTree = "<group>"; };
		AEA7A756C0A0C662FC95805A /* Pods-SwiftyHomeUITests.debug.xcconfig */ = {isa = PBXFileReference; includeInIndex = 1; lastKnownFileType = text.xcconfig; name = "Pods-SwiftyHomeUITests.debug.xcconfig"; path = "Target Support Files/Pods-SwiftyHomeUITests/Pods-SwiftyHomeUITests.debug.xcconfig"; sourceTree = "<group>"; };
		AEF27C685BDAF605A97343A3 /* Pods-SwiftyHomeUITests.release.xcconfig */ = {isa = PBXFileReference; includeInIndex = 1; lastKnownFileType = text.xcconfig; name = "Pods-SwiftyHomeUITests.release.xcconfig"; path = "Pods/Target Support Files/Pods-SwiftyHomeUITests/Pods-SwiftyHomeUITests.release.xcconfig"; sourceTree = "<group>"; };
		B2A06BF82CB2BD8F41FEE6C0 /* Pods-SwiftyHomeUITests.debug.xcconfig */ = {isa = PBXFileReference; includeInIndex = 1; lastKnownFileType = text.xcconfig; name = "Pods-SwiftyHomeUITests.debug.xcconfig"; path = "Pods/Target Support Files/Pods-SwiftyHomeUITests/Pods-SwiftyHomeUITests.debug.xcconfig"; sourceTree = "<group>"; };
		C3870E44A84DC9DBCA30AAC8 /* Pods-SwiftyHome.debug.xcconfig */ = {isa = PBXFileReference; includeInIndex = 1; lastKnownFileType = text.xcconfig; name = "Pods-SwiftyHome.debug.xcconfig"; path = "Target Support Files/Pods-SwiftyHome/Pods-SwiftyHome.debug.xcconfig"; sourceTree = "<group>"; };
		EA6AF71D6793AAB8327E9761 /* Pods-SwiftyHomeTests.release.xcconfig */ = {isa = PBXFileReference; includeInIndex = 1; lastKnownFileType = text.xcconfig; name = "Pods-SwiftyHomeTests.release.xcconfig"; path = "Pods/Target Support Files/Pods-SwiftyHomeTests/Pods-SwiftyHomeTests.release.xcconfig"; sourceTree = "<group>"; };
/* End PBXFileReference section */

/* Begin PBXFrameworksBuildPhase section */
		997045D32178DEF000FFB736 /* Frameworks */ = {
			isa = PBXFrameworksBuildPhase;
			buildActionMask = 2147483647;
			files = (
				C63D0F666DD733C99F182DBE /* Pods_SwiftyHome.framework in Frameworks */,
			);
			runOnlyForDeploymentPostprocessing = 0;
		};
		997045E72178DEF400FFB736 /* Frameworks */ = {
			isa = PBXFrameworksBuildPhase;
			buildActionMask = 2147483647;
			files = (
				BD1282A9828BEDD96EB6BACE /* Pods_SwiftyHomeTests.framework in Frameworks */,
			);
			runOnlyForDeploymentPostprocessing = 0;
		};
		997045F22178DEF400FFB736 /* Frameworks */ = {
			isa = PBXFrameworksBuildPhase;
			buildActionMask = 2147483647;
			files = (
				591F595BE796465AF2B90AAE /* Pods_SwiftyHomeUITests.framework in Frameworks */,
			);
			runOnlyForDeploymentPostprocessing = 0;
		};
/* End PBXFrameworksBuildPhase section */

/* Begin PBXGroup section */
		6298074A876EE604B79E4AE7 /* Pods */ = {
			isa = PBXGroup;
			children = (
				C3870E44A84DC9DBCA30AAC8 /* Pods-SwiftyHome.debug.xcconfig */,
				4029586745D21894B5E58346 /* Pods-SwiftyHome.release.xcconfig */,
				A53E108BB7C441CF54155750 /* Pods-SwiftyHomeTests.debug.xcconfig */,
				5A9F1F6DBE585E079A9B97D8 /* Pods-SwiftyHomeTests.release.xcconfig */,
				AEA7A756C0A0C662FC95805A /* Pods-SwiftyHomeUITests.debug.xcconfig */,
				1BF928032048EC0DAA2D2549 /* Pods-SwiftyHomeUITests.release.xcconfig */,
				79300E41EDD228A5FD91639F /* Pods-SwiftyHome.debug.xcconfig */,
				5E472DCE767A23CE318C8A6C /* Pods-SwiftyHome.release.xcconfig */,
				00E96F837DFFA97D165239D9 /* Pods-SwiftyHomeTests.debug.xcconfig */,
				EA6AF71D6793AAB8327E9761 /* Pods-SwiftyHomeTests.release.xcconfig */,
				B2A06BF82CB2BD8F41FEE6C0 /* Pods-SwiftyHomeUITests.debug.xcconfig */,
				AEF27C685BDAF605A97343A3 /* Pods-SwiftyHomeUITests.release.xcconfig */,
			);
			path = Pods;
			sourceTree = "<group>";
		};
		997045CD2178DEEF00FFB736 = {
			isa = PBXGroup;
			children = (
				997045D82178DEF000FFB736 /* SwiftyHome */,
				997045ED2178DEF400FFB736 /* SwiftyHomeTests */,
				997045F82178DEF500FFB736 /* SwiftyHomeUITests */,
				997045D72178DEF000FFB736 /* Products */,
				6298074A876EE604B79E4AE7 /* Pods */,
				DFC793980467D308DBC87D42 /* Frameworks */,
			);
			sourceTree = "<group>";
		};
		997045D72178DEF000FFB736 /* Products */ = {
			isa = PBXGroup;
			children = (
				997045D62178DEF000FFB736 /* SwiftyHome.app */,
				997045EA2178DEF400FFB736 /* SwiftyHomeTests.xctest */,
				997045F52178DEF400FFB736 /* SwiftyHomeUITests.xctest */,
			);
			name = Products;
			sourceTree = "<group>";
		};
		997045D82178DEF000FFB736 /* SwiftyHome */ = {
			isa = PBXGroup;
			children = (
				9970461D21798D5500FFB736 /* Supporting Files */,
				99704608217987B600FFB736 /* Application */,
				99704609217987C300FFB736 /* Data */,
				9970460A217987CF00FFB736 /* Domain */,
				9970460B217987DA00FFB736 /* Presentation */,
				997045E02178DEF400FFB736 /* Assets.xcassets */,
			);
			path = SwiftyHome;
			sourceTree = "<group>";
		};
		997045ED2178DEF400FFB736 /* SwiftyHomeTests */ = {
			isa = PBXGroup;
			children = (
				997045EE2178DEF400FFB736 /* SwiftyHomeTests.swift */,
				997045F02178DEF400FFB736 /* Info.plist */,
			);
			path = SwiftyHomeTests;
			sourceTree = "<group>";
		};
		997045F82178DEF500FFB736 /* SwiftyHomeUITests */ = {
			isa = PBXGroup;
			children = (
				997045F92178DEF500FFB736 /* SwiftyHomeUITests.swift */,
				997045FB2178DEF500FFB736 /* Info.plist */,
			);
			path = SwiftyHomeUITests;
			sourceTree = "<group>";
		};
		99704607217986B200FFB736 /* Builder */ = {
			isa = PBXGroup;
			children = (
				9970461821798A4400FFB736 /* MainBuilder.swift */,
			);
			path = Builder;
			sourceTree = "<group>";
		};
		99704608217987B600FFB736 /* Application */ = {
			isa = PBXGroup;
			children = (
				9970461A21798B7D00FFB736 /* AppDelegate */,
				99704617217988B600FFB736 /* Utility */,
				99704616217988AF00FFB736 /* Extension */,
				9970460E2179880700FFB736 /* Wireframe */,
				99704607217986B200FFB736 /* Builder */,
			);
			path = Application;
			sourceTree = "<group>";
		};
		99704609217987C300FFB736 /* Data */ = {
			isa = PBXGroup;
			children = (
				997046152179886500FFB736 /* Response */,
				997046122179883700FFB736 /* Entity */,
				997046102179882300FFB736 /* DataStore */,
				9970460F2179881C00FFB736 /* Repository */,
			);
			path = Data;
			sourceTree = "<group>";
		};
		9970460A217987CF00FFB736 /* Domain */ = {
			isa = PBXGroup;
			children = (
				997046132179884000FFB736 /* Model */,
				997046142179884500FFB736 /* UseCase */,
			);
			path = Domain;
			sourceTree = "<group>";
		};
		9970460B217987DA00FFB736 /* Presentation */ = {
			isa = PBXGroup;
			children = (
				9970460C217987EC00FFB736 /* Presenter */,
				9970460D217987FB00FFB736 /* View */,
			);
			path = Presentation;
			sourceTree = "<group>";
		};
		9970460C217987EC00FFB736 /* Presenter */ = {
			isa = PBXGroup;
			children = (
			);
			path = Presenter;
			sourceTree = "<group>";
		};
		9970460D217987FB00FFB736 /* View */ = {
			isa = PBXGroup;
			children = (
				997045E22178DEF400FFB736 /* LaunchScreen.storyboard */,
				997045DB2178DEF000FFB736 /* ViewController.swift */,
				9970461B21798CF300FFB736 /* ViewController.storyboard */,
			);
			path = View;
			sourceTree = "<group>";
		};
		9970460E2179880700FFB736 /* Wireframe */ = {
			isa = PBXGroup;
			children = (
			);
			path = Wireframe;
			sourceTree = "<group>";
		};
		9970460F2179881C00FFB736 /* Repository */ = {
			isa = PBXGroup;
			children = (
			);
			path = Repository;
			sourceTree = "<group>";
		};
		997046102179882300FFB736 /* DataStore */ = {
			isa = PBXGroup;
			children = (
			);
			path = DataStore;
			sourceTree = "<group>";
		};
		997046122179883700FFB736 /* Entity */ = {
			isa = PBXGroup;
			children = (
			);
			path = Entity;
			sourceTree = "<group>";
		};
		997046132179884000FFB736 /* Model */ = {
			isa = PBXGroup;
			children = (
			);
			path = Model;
			sourceTree = "<group>";
		};
		997046142179884500FFB736 /* UseCase */ = {
			isa = PBXGroup;
			children = (
			);
			path = UseCase;
			sourceTree = "<group>";
		};
		997046152179886500FFB736 /* Response */ = {
			isa = PBXGroup;
			children = (
			);
			path = Response;
			sourceTree = "<group>";
		};
		99704616217988AF00FFB736 /* Extension */ = {
			isa = PBXGroup;
			children = (
			);
			path = Extension;
			sourceTree = "<group>";
		};
		99704617217988B600FFB736 /* Utility */ = {
			isa = PBXGroup;
			children = (
			);
			path = Utility;
			sourceTree = "<group>";
		};
		9970461A21798B7D00FFB736 /* AppDelegate */ = {
			isa = PBXGroup;
			children = (
				997045D92178DEF000FFB736 /* AppDelegate.swift */,
			);
			path = AppDelegate;
			sourceTree = "<group>";
		};
		9970461D21798D5500FFB736 /* Supporting Files */ = {
			isa = PBXGroup;
			children = (
				997045E52178DEF400FFB736 /* Info.plist */,
			);
			name = "Supporting Files";
			sourceTree = "<group>";
		};
		DFC793980467D308DBC87D42 /* Frameworks */ = {
			isa = PBXGroup;
			children = (
				8AF635AA7B0871FFD7EAED12 /* Pods_SwiftyHome.framework */,
				9C0ACB98CAEC9E091C7DF4C9 /* Pods_SwiftyHomeTests.framework */,
				1E710C17DEB3F36EF28D1BB8 /* Pods_SwiftyHomeUITests.framework */,
			);
			name = Frameworks;
			sourceTree = "<group>";
		};
/* End PBXGroup section */

/* Begin PBXNativeTarget section */
		997045D52178DEF000FFB736 /* SwiftyHome */ = {
			isa = PBXNativeTarget;
			buildConfigurationList = 997045FE2178DEF500FFB736 /* Build configuration list for PBXNativeTarget "SwiftyHome" */;
			buildPhases = (
				E99236DD1DBB8A63C3884FD8 /* [CP] Check Pods Manifest.lock */,
				997045D22178DEF000FFB736 /* Sources */,
				997045D32178DEF000FFB736 /* Frameworks */,
				997045D42178DEF000FFB736 /* Resources */,
				B1D07C3687552FEB15FC632A /* [CP] Embed Pods Frameworks */,
			);
			buildRules = (
			);
			dependencies = (
			);
			name = SwiftyHome;
			productName = SwiftyHome;
			productReference = 997045D62178DEF000FFB736 /* SwiftyHome.app */;
			productType = "com.apple.product-type.application";
		};
		997045E92178DEF400FFB736 /* SwiftyHomeTests */ = {
			isa = PBXNativeTarget;
			buildConfigurationList = 997046012178DEF500FFB736 /* Build configuration list for PBXNativeTarget "SwiftyHomeTests" */;
			buildPhases = (
				04314EBD90003F7EAAB23990 /* [CP] Check Pods Manifest.lock */,
				997045E62178DEF400FFB736 /* Sources */,
				997045E72178DEF400FFB736 /* Frameworks */,
				997045E82178DEF400FFB736 /* Resources */,
				3DA74ACED876812BB529A79A /* [CP] Embed Pods Frameworks */,
			);
			buildRules = (
			);
			dependencies = (
				997045EC2178DEF400FFB736 /* PBXTargetDependency */,
			);
			name = SwiftyHomeTests;
			productName = SwiftyHomeTests;
			productReference = 997045EA2178DEF400FFB736 /* SwiftyHomeTests.xctest */;
			productType = "com.apple.product-type.bundle.unit-test";
		};
		997045F42178DEF400FFB736 /* SwiftyHomeUITests */ = {
			isa = PBXNativeTarget;
			buildConfigurationList = 997046042178DEF500FFB736 /* Build configuration list for PBXNativeTarget "SwiftyHomeUITests" */;
			buildPhases = (
				6E2975391849744227BF5C44 /* [CP] Check Pods Manifest.lock */,
				997045F12178DEF400FFB736 /* Sources */,
				997045F22178DEF400FFB736 /* Frameworks */,
				997045F32178DEF400FFB736 /* Resources */,
				93EE38807E1240C76584B33B /* [CP] Embed Pods Frameworks */,
			);
			buildRules = (
			);
			dependencies = (
				997045F72178DEF400FFB736 /* PBXTargetDependency */,
			);
			name = SwiftyHomeUITests;
			productName = SwiftyHomeUITests;
			productReference = 997045F52178DEF400FFB736 /* SwiftyHomeUITests.xctest */;
			productType = "com.apple.product-type.bundle.ui-testing";
		};
/* End PBXNativeTarget section */

/* Begin PBXProject section */
		997045CE2178DEEF00FFB736 /* Project object */ = {
			isa = PBXProject;
			attributes = {
				LastSwiftUpdateCheck = 1000;
				LastUpgradeCheck = 1000;
				ORGANIZATIONNAME = "Yuto Mizutani";
				TargetAttributes = {
					997045D52178DEF000FFB736 = {
						CreatedOnToolsVersion = 10.0;
					};
					997045E92178DEF400FFB736 = {
						CreatedOnToolsVersion = 10.0;
						TestTargetID = 997045D52178DEF000FFB736;
					};
					997045F42178DEF400FFB736 = {
						CreatedOnToolsVersion = 10.0;
						TestTargetID = 997045D52178DEF000FFB736;
					};
				};
			};
			buildConfigurationList = 997045D12178DEEF00FFB736 /* Build configuration list for PBXProject "SwiftyHome" */;
			compatibilityVersion = "Xcode 9.3";
			developmentRegion = en;
			hasScannedForEncodings = 0;
			knownRegions = (
				en,
				Base,
			);
			mainGroup = 997045CD2178DEEF00FFB736;
			productRefGroup = 997045D72178DEF000FFB736 /* Products */;
			projectDirPath = "";
			projectRoot = "";
			targets = (
				997045D52178DEF000FFB736 /* SwiftyHome */,
				997045E92178DEF400FFB736 /* SwiftyHomeTests */,
				997045F42178DEF400FFB736 /* SwiftyHomeUITests */,
			);
		};
/* End PBXProject section */

/* Begin PBXResourcesBuildPhase section */
		997045D42178DEF000FFB736 /* Resources */ = {
			isa = PBXResourcesBuildPhase;
			buildActionMask = 2147483647;
			files = (
				997045E42178DEF400FFB736 /* LaunchScreen.storyboard in Resources */,
				997045E12178DEF400FFB736 /* Assets.xcassets in Resources */,
				9970461C21798CF300FFB736 /* ViewController.storyboard in Resources */,
			);
			runOnlyForDeploymentPostprocessing = 0;
		};
		997045E82178DEF400FFB736 /* Resources */ = {
			isa = PBXResourcesBuildPhase;
			buildActionMask = 2147483647;
			files = (
			);
			runOnlyForDeploymentPostprocessing = 0;
		};
		997045F32178DEF400FFB736 /* Resources */ = {
			isa = PBXResourcesBuildPhase;
			buildActionMask = 2147483647;
			files = (
			);
			runOnlyForDeploymentPostprocessing = 0;
		};
/* End PBXResourcesBuildPhase section */

/* Begin PBXShellScriptBuildPhase section */
		04314EBD90003F7EAAB23990 /* [CP] Check Pods Manifest.lock */ = {
			isa = PBXShellScriptBuildPhase;
			buildActionMask = 2147483647;
			files = (
			);
			inputFileListPaths = (
			);
			inputPaths = (
				"${PODS_PODFILE_DIR_PATH}/Podfile.lock",
				"${PODS_ROOT}/Manifest.lock",
			);
			name = "[CP] Check Pods Manifest.lock";
			outputFileListPaths = (
			);
			outputPaths = (
				"$(DERIVED_FILE_DIR)/Pods-SwiftyHomeTests-checkManifestLockResult.txt",
			);
			runOnlyForDeploymentPostprocessing = 0;
			shellPath = /bin/sh;
			shellScript = "diff \"${PODS_PODFILE_DIR_PATH}/Podfile.lock\" \"${PODS_ROOT}/Manifest.lock\" > /dev/null\nif [ $? != 0 ] ; then\n    # print error to STDERR\n    echo \"error: The sandbox is not in sync with the Podfile.lock. Run 'pod install' or update your CocoaPods installation.\" >&2\n    exit 1\nfi\n# This output is used by Xcode 'outputs' to avoid re-running this script phase.\necho \"SUCCESS\" > \"${SCRIPT_OUTPUT_FILE_0}\"\n";
			showEnvVarsInLog = 0;
		};
		3DA74ACED876812BB529A79A /* [CP] Embed Pods Frameworks */ = {
			isa = PBXShellScriptBuildPhase;
			buildActionMask = 2147483647;
			files = (
			);
			inputFileListPaths = (
			);
			inputPaths = (
				"${PODS_ROOT}/Target Support Files/Pods-SwiftyHomeTests/Pods-SwiftyHomeTests-frameworks.sh",
				"${BUILT_PRODUCTS_DIR}/Alamofire/Alamofire.framework",
				"${BUILT_PRODUCTS_DIR}/RxCocoa/RxCocoa.framework",
				"${BUILT_PRODUCTS_DIR}/RxSwift/RxSwift.framework",
			);
			name = "[CP] Embed Pods Frameworks";
			outputFileListPaths = (
			);
			outputPaths = (
				"${TARGET_BUILD_DIR}/${FRAMEWORKS_FOLDER_PATH}/Alamofire.framework",
				"${TARGET_BUILD_DIR}/${FRAMEWORKS_FOLDER_PATH}/RxCocoa.framework",
				"${TARGET_BUILD_DIR}/${FRAMEWORKS_FOLDER_PATH}/RxSwift.framework",
			);
			runOnlyForDeploymentPostprocessing = 0;
			shellPath = /bin/sh;
			shellScript = "\"${PODS_ROOT}/Target Support Files/Pods-SwiftyHomeTests/Pods-SwiftyHomeTests-frameworks.sh\"\n";
			showEnvVarsInLog = 0;
		};
		6E2975391849744227BF5C44 /* [CP] Check Pods Manifest.lock */ = {
			isa = PBXShellScriptBuildPhase;
			buildActionMask = 2147483647;
			files = (
			);
			inputFileListPaths = (
			);
			inputPaths = (
				"${PODS_PODFILE_DIR_PATH}/Podfile.lock",
				"${PODS_ROOT}/Manifest.lock",
			);
			name = "[CP] Check Pods Manifest.lock";
			outputFileListPaths = (
			);
			outputPaths = (
				"$(DERIVED_FILE_DIR)/Pods-SwiftyHomeUITests-checkManifestLockResult.txt",
			);
			runOnlyForDeploymentPostprocessing = 0;
			shellPath = /bin/sh;
			shellScript = "diff \"${PODS_PODFILE_DIR_PATH}/Podfile.lock\" \"${PODS_ROOT}/Manifest.lock\" > /dev/null\nif [ $? != 0 ] ; then\n    # print error to STDERR\n    echo \"error: The sandbox is not in sync with the Podfile.lock. Run 'pod install' or update your CocoaPods installation.\" >&2\n    exit 1\nfi\n# This output is used by Xcode 'outputs' to avoid re-running this script phase.\necho \"SUCCESS\" > \"${SCRIPT_OUTPUT_FILE_0}\"\n";
			showEnvVarsInLog = 0;
		};
		93EE38807E1240C76584B33B /* [CP] Embed Pods Frameworks */ = {
			isa = PBXShellScriptBuildPhase;
			buildActionMask = 2147483647;
			files = (
			);
			inputFileListPaths = (
			);
			inputPaths = (
				"${PODS_ROOT}/Target Support Files/Pods-SwiftyHomeUITests/Pods-SwiftyHomeUITests-frameworks.sh",
				"${BUILT_PRODUCTS_DIR}/Alamofire/Alamofire.framework",
				"${BUILT_PRODUCTS_DIR}/RxCocoa/RxCocoa.framework",
				"${BUILT_PRODUCTS_DIR}/RxSwift/RxSwift.framework",
			);
			name = "[CP] Embed Pods Frameworks";
			outputFileListPaths = (
			);
			outputPaths = (
				"${TARGET_BUILD_DIR}/${FRAMEWORKS_FOLDER_PATH}/Alamofire.framework",
				"${TARGET_BUILD_DIR}/${FRAMEWORKS_FOLDER_PATH}/RxCocoa.framework",
				"${TARGET_BUILD_DIR}/${FRAMEWORKS_FOLDER_PATH}/RxSwift.framework",
			);
			runOnlyForDeploymentPostprocessing = 0;
			shellPath = /bin/sh;
			shellScript = "\"${PODS_ROOT}/Target Support Files/Pods-SwiftyHomeUITests/Pods-SwiftyHomeUITests-frameworks.sh\"\n";
			showEnvVarsInLog = 0;
		};
		B1D07C3687552FEB15FC632A /* [CP] Embed Pods Frameworks */ = {
			isa = PBXShellScriptBuildPhase;
			buildActionMask = 2147483647;
			files = (
			);
			inputFileListPaths = (
			);
			inputPaths = (
				"${PODS_ROOT}/Target Support Files/Pods-SwiftyHome/Pods-SwiftyHome-frameworks.sh",
				"${BUILT_PRODUCTS_DIR}/Alamofire/Alamofire.framework",
				"${BUILT_PRODUCTS_DIR}/RxCocoa/RxCocoa.framework",
				"${BUILT_PRODUCTS_DIR}/RxSwift/RxSwift.framework",
			);
			name = "[CP] Embed Pods Frameworks";
			outputFileListPaths = (
			);
			outputPaths = (
				"${TARGET_BUILD_DIR}/${FRAMEWORKS_FOLDER_PATH}/Alamofire.framework",
				"${TARGET_BUILD_DIR}/${FRAMEWORKS_FOLDER_PATH}/RxCocoa.framework",
				"${TARGET_BUILD_DIR}/${FRAMEWORKS_FOLDER_PATH}/RxSwift.framework",
			);
			runOnlyForDeploymentPostprocessing = 0;
			shellPath = /bin/sh;
			shellScript = "\"${PODS_ROOT}/Target Support Files/Pods-SwiftyHome/Pods-SwiftyHome-frameworks.sh\"\n";
			showEnvVarsInLog = 0;
		};
		E99236DD1DBB8A63C3884FD8 /* [CP] Check Pods Manifest.lock */ = {
			isa = PBXShellScriptBuildPhase;
			buildActionMask = 2147483647;
			files = (
			);
			inputFileListPaths = (
			);
			inputPaths = (
				"${PODS_PODFILE_DIR_PATH}/Podfile.lock",
				"${PODS_ROOT}/Manifest.lock",
			);
			name = "[CP] Check Pods Manifest.lock";
			outputFileListPaths = (
			);
			outputPaths = (
				"$(DERIVED_FILE_DIR)/Pods-SwiftyHome-checkManifestLockResult.txt",
			);
			runOnlyForDeploymentPostprocessing = 0;
			shellPath = /bin/sh;
			shellScript = "diff \"${PODS_PODFILE_DIR_PATH}/Podfile.lock\" \"${PODS_ROOT}/Manifest.lock\" > /dev/null\nif [ $? != 0 ] ; then\n    # print error to STDERR\n    echo \"error: The sandbox is not in sync with the Podfile.lock. Run 'pod install' or update your CocoaPods installation.\" >&2\n    exit 1\nfi\n# This output is used by Xcode 'outputs' to avoid re-running this script phase.\necho \"SUCCESS\" > \"${SCRIPT_OUTPUT_FILE_0}\"\n";
			showEnvVarsInLog = 0;
		};
/* End PBXShellScriptBuildPhase section */

/* Begin PBXSourcesBuildPhase section */
		997045D22178DEF000FFB736 /* Sources */ = {
			isa = PBXSourcesBuildPhase;
			buildActionMask = 2147483647;
			files = (
				9970461921798A4400FFB736 /* MainBuilder.swift in Sources */,
				997045DC2178DEF000FFB736 /* ViewController.swift in Sources */,
				997045DA2178DEF000FFB736 /* AppDelegate.swift in Sources */,
			);
			runOnlyForDeploymentPostprocessing = 0;
		};
		997045E62178DEF400FFB736 /* Sources */ = {
			isa = PBXSourcesBuildPhase;
			buildActionMask = 2147483647;
			files = (
				997045EF2178DEF400FFB736 /* SwiftyHomeTests.swift in Sources */,
			);
			runOnlyForDeploymentPostprocessing = 0;
		};
		997045F12178DEF400FFB736 /* Sources */ = {
			isa = PBXSourcesBuildPhase;
			buildActionMask = 2147483647;
			files = (
				997045FA2178DEF500FFB736 /* SwiftyHomeUITests.swift in Sources */,
			);
			runOnlyForDeploymentPostprocessing = 0;
		};
/* End PBXSourcesBuildPhase section */

/* Begin PBXTargetDependency section */
		997045EC2178DEF400FFB736 /* PBXTargetDependency */ = {
			isa = PBXTargetDependency;
			target = 997045D52178DEF000FFB736 /* SwiftyHome */;
			targetProxy = 997045EB2178DEF400FFB736 /* PBXContainerItemProxy */;
		};
		997045F72178DEF400FFB736 /* PBXTargetDependency */ = {
			isa = PBXTargetDependency;
			target = 997045D52178DEF000FFB736 /* SwiftyHome */;
			targetProxy = 997045F62178DEF400FFB736 /* PBXContainerItemProxy */;
		};
/* End PBXTargetDependency section */

/* Begin PBXVariantGroup section */
		997045E22178DEF400FFB736 /* LaunchScreen.storyboard */ = {
			isa = PBXVariantGroup;
			children = (
				997045E32178DEF400FFB736 /* Base */,
			);
			name = LaunchScreen.storyboard;
			sourceTree = "<group>";
		};
/* End PBXVariantGroup section */

/* Begin XCBuildConfiguration section */
		997045FC2178DEF500FFB736 /* Debug */ = {
			isa = XCBuildConfiguration;
			buildSettings = {
				ALWAYS_SEARCH_USER_PATHS = NO;
				CLANG_ANALYZER_NONNULL = YES;
				CLANG_ANALYZER_NUMBER_OBJECT_CONVERSION = YES_AGGRESSIVE;
				CLANG_CXX_LANGUAGE_STANDARD = "gnu++14";
				CLANG_CXX_LIBRARY = "libc++";
				CLANG_ENABLE_MODULES = YES;
				CLANG_ENABLE_OBJC_ARC = YES;
				CLANG_ENABLE_OBJC_WEAK = YES;
				CLANG_WARN_BLOCK_CAPTURE_AUTORELEASING = YES;
				CLANG_WARN_BOOL_CONVERSION = YES;
				CLANG_WARN_COMMA = YES;
				CLANG_WARN_CONSTANT_CONVERSION = YES;
				CLANG_WARN_DEPRECATED_OBJC_IMPLEMENTATIONS = YES;
				CLANG_WARN_DIRECT_OBJC_ISA_USAGE = YES_ERROR;
				CLANG_WARN_DOCUMENTATION_COMMENTS = YES;
				CLANG_WARN_EMPTY_BODY = YES;
				CLANG_WARN_ENUM_CONVERSION = YES;
				CLANG_WARN_INFINITE_RECURSION = YES;
				CLANG_WARN_INT_CONVERSION = YES;
				CLANG_WARN_NON_LITERAL_NULL_CONVERSION = YES;
				CLANG_WARN_OBJC_IMPLICIT_RETAIN_SELF = YES;
				CLANG_WARN_OBJC_LITERAL_CONVERSION = YES;
				CLANG_WARN_OBJC_ROOT_CLASS = YES_ERROR;
				CLANG_WARN_RANGE_LOOP_ANALYSIS = YES;
				CLANG_WARN_STRICT_PROTOTYPES = YES;
				CLANG_WARN_SUSPICIOUS_MOVE = YES;
				CLANG_WARN_UNGUARDED_AVAILABILITY = YES_AGGRESSIVE;
				CLANG_WARN_UNREACHABLE_CODE = YES;
				CLANG_WARN__DUPLICATE_METHOD_MATCH = YES;
				CODE_SIGN_IDENTITY = "iPhone Developer";
				COPY_PHASE_STRIP = NO;
				DEBUG_INFORMATION_FORMAT = dwarf;
				ENABLE_STRICT_OBJC_MSGSEND = YES;
				ENABLE_TESTABILITY = YES;
				GCC_C_LANGUAGE_STANDARD = gnu11;
				GCC_DYNAMIC_NO_PIC = NO;
				GCC_NO_COMMON_BLOCKS = YES;
				GCC_OPTIMIZATION_LEVEL = 0;
				GCC_PREPROCESSOR_DEFINITIONS = (
					"DEBUG=1",
					"$(inherited)",
				);
				GCC_WARN_64_TO_32_BIT_CONVERSION = YES;
				GCC_WARN_ABOUT_RETURN_TYPE = YES_ERROR;
				GCC_WARN_UNDECLARED_SELECTOR = YES;
				GCC_WARN_UNINITIALIZED_AUTOS = YES_AGGRESSIVE;
				GCC_WARN_UNUSED_FUNCTION = YES;
				GCC_WARN_UNUSED_VARIABLE = YES;
				IPHONEOS_DEPLOYMENT_TARGET = 12.0;
				MTL_ENABLE_DEBUG_INFO = INCLUDE_SOURCE;
				MTL_FAST_MATH = YES;
				ONLY_ACTIVE_ARCH = YES;
				SDKROOT = iphoneos;
				SWIFT_ACTIVE_COMPILATION_CONDITIONS = DEBUG;
				SWIFT_OPTIMIZATION_LEVEL = "-Onone";
			};
			name = Debug;
		};
		997045FD2178DEF500FFB736 /* Release */ = {
			isa = XCBuildConfiguration;
			buildSettings = {
				ALWAYS_SEARCH_USER_PATHS = NO;
				CLANG_ANALYZER_NONNULL = YES;
				CLANG_ANALYZER_NUMBER_OBJECT_CONVERSION = YES_AGGRESSIVE;
				CLANG_CXX_LANGUAGE_STANDARD = "gnu++14";
				CLANG_CXX_LIBRARY = "libc++";
				CLANG_ENABLE_MODULES = YES;
				CLANG_ENABLE_OBJC_ARC = YES;
				CLANG_ENABLE_OBJC_WEAK = YES;
				CLANG_WARN_BLOCK_CAPTURE_AUTORELEASING = YES;
				CLANG_WARN_BOOL_CONVERSION = YES;
				CLANG_WARN_COMMA = YES;
				CLANG_WARN_CONSTANT_CONVERSION = YES;
				CLANG_WARN_DEPRECATED_OBJC_IMPLEMENTATIONS = YES;
				CLANG_WARN_DIRECT_OBJC_ISA_USAGE = YES_ERROR;
				CLANG_WARN_DOCUMENTATION_COMMENTS = YES;
				CLANG_WARN_EMPTY_BODY = YES;
				CLANG_WARN_ENUM_CONVERSION = YES;
				CLANG_WARN_INFINITE_RECURSION = YES;
				CLANG_WARN_INT_CONVERSION = YES;
				CLANG_WARN_NON_LITERAL_NULL_CONVERSION = YES;
				CLANG_WARN_OBJC_IMPLICIT_RETAIN_SELF = YES;
				CLANG_WARN_OBJC_LITERAL_CONVERSION = YES;
				CLANG_WARN_OBJC_ROOT_CLASS = YES_ERROR;
				CLANG_WARN_RANGE_LOOP_ANALYSIS = YES;
				CLANG_WARN_STRICT_PROTOTYPES = YES;
				CLANG_WARN_SUSPICIOUS_MOVE = YES;
				CLANG_WARN_UNGUARDED_AVAILABILITY = YES_AGGRESSIVE;
				CLANG_WARN_UNREACHABLE_CODE = YES;
				CLANG_WARN__DUPLICATE_METHOD_MATCH = YES;
				CODE_SIGN_IDENTITY = "iPhone Developer";
				COPY_PHASE_STRIP = NO;
				DEBUG_INFORMATION_FORMAT = "dwarf-with-dsym";
				ENABLE_NS_ASSERTIONS = NO;
				ENABLE_STRICT_OBJC_MSGSEND = YES;
				GCC_C_LANGUAGE_STANDARD = gnu11;
				GCC_NO_COMMON_BLOCKS = YES;
				GCC_WARN_64_TO_32_BIT_CONVERSION = YES;
				GCC_WARN_ABOUT_RETURN_TYPE = YES_ERROR;
				GCC_WARN_UNDECLARED_SELECTOR = YES;
				GCC_WARN_UNINITIALIZED_AUTOS = YES_AGGRESSIVE;
				GCC_WARN_UNUSED_FUNCTION = YES;
				GCC_WARN_UNUSED_VARIABLE = YES;
				IPHONEOS_DEPLOYMENT_TARGET = 12.0;
				MTL_ENABLE_DEBUG_INFO = NO;
				MTL_FAST_MATH = YES;
				SDKROOT = iphoneos;
				SWIFT_COMPILATION_MODE = wholemodule;
				SWIFT_OPTIMIZATION_LEVEL = "-O";
				VALIDATE_PRODUCT = YES;
			};
			name = Release;
		};
		997045FF2178DEF500FFB736 /* Debug */ = {
			isa = XCBuildConfiguration;
			baseConfigurationReference = C3870E44A84DC9DBCA30AAC8 /* Pods-SwiftyHome.debug.xcconfig */;
			buildSettings = {
				ASSETCATALOG_COMPILER_APPICON_NAME = AppIcon;
				CODE_SIGN_STYLE = Automatic;
				DEVELOPMENT_TEAM = Y3FSN97W3M;
				INFOPLIST_FILE = SwiftyHome/Info.plist;
				LD_RUNPATH_SEARCH_PATHS = (
					"$(inherited)",
					"@executable_path/Frameworks",
				);
				PRODUCT_BUNDLE_IDENTIFIER = com.ym.SwiftyHome;
				PRODUCT_NAME = "$(TARGET_NAME)";
				SWIFT_VERSION = 4.2;
				TARGETED_DEVICE_FAMILY = "1,2";
			};
			name = Debug;
		};
		997046002178DEF500FFB736 /* Release */ = {
			isa = XCBuildConfiguration;
			baseConfigurationReference = 4029586745D21894B5E58346 /* Pods-SwiftyHome.release.xcconfig */;
			buildSettings = {
				ASSETCATALOG_COMPILER_APPICON_NAME = AppIcon;
				CODE_SIGN_STYLE = Automatic;
				DEVELOPMENT_TEAM = Y3FSN97W3M;
				INFOPLIST_FILE = SwiftyHome/Info.plist;
				LD_RUNPATH_SEARCH_PATHS = (
					"$(inherited)",
					"@executable_path/Frameworks",
				);
				PRODUCT_BUNDLE_IDENTIFIER = com.ym.SwiftyHome;
				PRODUCT_NAME = "$(TARGET_NAME)";
				SWIFT_VERSION = 4.2;
				TARGETED_DEVICE_FAMILY = "1,2";
			};
			name = Release;
		};
		997046022178DEF500FFB736 /* Debug */ = {
			isa = XCBuildConfiguration;
			baseConfigurationReference = A53E108BB7C441CF54155750 /* Pods-SwiftyHomeTests.debug.xcconfig */;
			buildSettings = {
				ALWAYS_EMBED_SWIFT_STANDARD_LIBRARIES = YES;
				BUNDLE_LOADER = "$(TEST_HOST)";
				CODE_SIGN_STYLE = Automatic;
				DEVELOPMENT_TEAM = Y3FSN97W3M;
				HEADER_SEARCH_PATHS = "$(inherited)";
				INFOPLIST_FILE = SwiftyHomeTests/Info.plist;
				LD_RUNPATH_SEARCH_PATHS = (
					"$(inherited)",
					"@executable_path/Frameworks",
					"@loader_path/Frameworks",
				);
				PRODUCT_BUNDLE_IDENTIFIER = com.ym.SwiftyHomeTests;
				PRODUCT_NAME = "$(TARGET_NAME)";
				SWIFT_VERSION = 4.2;
				TARGETED_DEVICE_FAMILY = "1,2";
				TEST_HOST = "$(BUILT_PRODUCTS_DIR)/SwiftyHome.app/SwiftyHome";
			};
			name = Debug;
		};
		997046032178DEF500FFB736 /* Release */ = {
			isa = XCBuildConfiguration;
			baseConfigurationReference = 5A9F1F6DBE585E079A9B97D8 /* Pods-SwiftyHomeTests.release.xcconfig */;
			buildSettings = {
				ALWAYS_EMBED_SWIFT_STANDARD_LIBRARIES = YES;
				BUNDLE_LOADER = "$(TEST_HOST)";
				CODE_SIGN_STYLE = Automatic;
				DEVELOPMENT_TEAM = Y3FSN97W3M;
				HEADER_SEARCH_PATHS = "$(inherited)";
				INFOPLIST_FILE = SwiftyHomeTests/Info.plist;
				LD_RUNPATH_SEARCH_PATHS = (
					"$(inherited)",
					"@executable_path/Frameworks",
					"@loader_path/Frameworks",
				);
				PRODUCT_BUNDLE_IDENTIFIER = com.ym.SwiftyHomeTests;
				PRODUCT_NAME = "$(TARGET_NAME)";
				SWIFT_VERSION = 4.2;
				TARGETED_DEVICE_FAMILY = "1,2";
				TEST_HOST = "$(BUILT_PRODUCTS_DIR)/SwiftyHome.app/SwiftyHome";
			};
			name = Release;
		};
		997046052178DEF500FFB736 /* Debug */ = {
			isa = XCBuildConfiguration;
			baseConfigurationReference = AEA7A756C0A0C662FC95805A /* Pods-SwiftyHomeUITests.debug.xcconfig */;
			buildSettings = {
				ALWAYS_EMBED_SWIFT_STANDARD_LIBRARIES = YES;
				CODE_SIGN_STYLE = Automatic;
				DEVELOPMENT_TEAM = Y3FSN97W3M;
				HEADER_SEARCH_PATHS = "$(inherited)";
				INFOPLIST_FILE = SwiftyHomeUITests/Info.plist;
				LD_RUNPATH_SEARCH_PATHS = (
					"$(inherited)",
					"@executable_path/Frameworks",
					"@loader_path/Frameworks",
				);
				PRODUCT_BUNDLE_IDENTIFIER = com.ym.SwiftyHomeUITests;
				PRODUCT_NAME = "$(TARGET_NAME)";
				SWIFT_VERSION = 4.2;
				TARGETED_DEVICE_FAMILY = "1,2";
				TEST_TARGET_NAME = SwiftyHome;
			};
			name = Debug;
		};
		997046062178DEF500FFB736 /* Release */ = {
			isa = XCBuildConfiguration;
			baseConfigurationReference = 1BF928032048EC0DAA2D2549 /* Pods-SwiftyHomeUITests.release.xcconfig */;
			buildSettings = {
				ALWAYS_EMBED_SWIFT_STANDARD_LIBRARIES = YES;
				CODE_SIGN_STYLE = Automatic;
				DEVELOPMENT_TEAM = Y3FSN97W3M;
				HEADER_SEARCH_PATHS = "$(inherited)";
				INFOPLIST_FILE = SwiftyHomeUITests/Info.plist;
				LD_RUNPATH_SEARCH_PATHS = (
					"$(inherited)",
					"@executable_path/Frameworks",
					"@loader_path/Frameworks",
				);
				PRODUCT_BUNDLE_IDENTIFIER = com.ym.SwiftyHomeUITests;
				PRODUCT_NAME = "$(TARGET_NAME)";
				SWIFT_VERSION = 4.2;
				TARGETED_DEVICE_FAMILY = "1,2";
				TEST_TARGET_NAME = SwiftyHome;
			};
			name = Release;
		};
/* End XCBuildConfiguration section */

/* Begin XCConfigurationList section */
		997045D12178DEEF00FFB736 /* Build configuration list for PBXProject "SwiftyHome" */ = {
			isa = XCConfigurationList;
			buildConfigurations = (
				997045FC2178DEF500FFB736 /* Debug */,
				997045FD2178DEF500FFB736 /* Release */,
			);
			defaultConfigurationIsVisible = 0;
			defaultConfigurationName = Release;
		};
		997045FE2178DEF500FFB736 /* Build configuration list for PBXNativeTarget "SwiftyHome" */ = {
			isa = XCConfigurationList;
			buildConfigurations = (
				997045FF2178DEF500FFB736 /* Debug */,
				997046002178DEF500FFB736 /* Release */,
			);
			defaultConfigurationIsVisible = 0;
			defaultConfigurationName = Release;
		};
		997046012178DEF500FFB736 /* Build configuration list for PBXNativeTarget "SwiftyHomeTests" */ = {
			isa = XCConfigurationList;
			buildConfigurations = (
				997046022178DEF500FFB736 /* Debug */,
				997046032178DEF500FFB736 /* Release */,
			);
			defaultConfigurationIsVisible = 0;
			defaultConfigurationName = Release;
		};
		997046042178DEF500FFB736 /* Build configuration list for PBXNativeTarget "SwiftyHomeUITests" */ = {
			isa = XCConfigurationList;
			buildConfigurations = (
				997046052178DEF500FFB736 /* Debug */,
				997046062178DEF500FFB736 /* Release */,
			);
			defaultConfigurationIsVisible = 0;
			defaultConfigurationName = Release;
		};
/* End XCConfigurationList section */
	};
	rootObject = 997045CE2178DEEF00FFB736 /* Project object */;
}
